
Microsoft Visual Studio Solution File, Format Version 12.00
Project("{FAE04EC0-301F-11D3-BF4B-00C04F79EFBC}") = "ThreadExample", "ThreadExample\ThreadExample.csproj", "{FEEAD59B-99D1-4A38-B816-DFD9CC42B6C1}"
EndProject
Project("{FAE04EC0-301F-11D3-BF4B-00C04F79EFBC}") = "JoinAndSleep", "JoinAndSleep\JoinAndSleep.csproj", "{DD658F7F-72E5-424D-B189-99A2C30CF1FE}"
EndProject
Project("{FAE04EC0-301F-11D3-BF4B-00C04F79EFBC}") = "Blocking", "Blocking\Blocking.csproj", "{3282575B-AFBB-433C-B18B-F745F422117C}"
EndProject
Project("{FAE04EC0-301F-11D3-BF4B-00C04F79EFBC}") = "LocalVersusSharedState", "LocalVersusSharedState\LocalVersusSharedState.csproj", "{9CB7B739-622C-4EA3-8E7C-719CC0D8D2CC}"
EndProject
Project("{FAE04EC0-301F-11D3-BF4B-00C04F79EFBC}") = "Passing Data to a Thread", "Passing Data to a Thread\Passing Data to a Thread.csproj", "{DE839FDA-0377-43C7-91D5-986FAD19B635}"
EndProject
Project("{FAE04EC0-301F-11D3-BF4B-00C04F79EFBC}") = "LambdaExpressionsAndCapturedVariables", "LambdaExpressionsAndCapturedVariables\LambdaExpressionsAndCapturedVariables.csproj", "{75BE5986-7FBC-4C45-8D80-B613C17F2FF9}"
EndProject
Project("{FAE04EC0-301F-11D3-BF4B-00C04F79EFBC}") = "ExceptionHandling", "ExceptionHandling\ExceptionHandling.csproj", "{EEF8B9EB-AE43-4388-BDE4-2761A993AA27}"
EndProject
Project("{FAE04EC0-301F-11D3-BF4B-00C04F79EFBC}") = "Signaling", "Signaling\Signaling.csproj", "{8EF08B3B-69B7-42DF-8D4D-5410AB4C79E7}"
EndProject
Global
	GlobalSection(SolutionConfigurationPlatforms) = preSolution
		Debug|Any CPU = Debug|Any CPU
		Release|Any CPU = Release|Any CPU
	EndGlobalSection
	GlobalSection(ProjectConfigurationPlatforms) = postSolution
		{FEEAD59B-99D1-4A38-B816-DFD9CC42B6C1}.Debug|Any CPU.ActiveCfg = Debug|Any CPU
		{FEEAD59B-99D1-4A38-B816-DFD9CC42B6C1}.Debug|Any CPU.Build.0 = Debug|Any CPU
		{FEEAD59B-99D1-4A38-B816-DFD9CC42B6C1}.Release|Any CPU.ActiveCfg = Release|Any CPU
		{FEEAD59B-99D1-4A38-B816-DFD9CC42B6C1}.Release|Any CPU.Build.0 = Release|Any CPU
		{DD658F7F-72E5-424D-B189-99A2C30CF1FE}.Debug|Any CPU.ActiveCfg = Debug|Any CPU
		{DD658F7F-72E5-424D-B189-99A2C30CF1FE}.Debug|Any CPU.Build.0 = Debug|Any CPU
		{DD658F7F-72E5-424D-B189-99A2C30CF1FE}.Release|Any CPU.ActiveCfg = Release|Any CPU
		{DD658F7F-72E5-424D-B189-99A2C30CF1FE}.Release|Any CPU.Build.0 = Release|Any CPU
		{3282575B-AFBB-433C-B18B-F745F422117C}.Debug|Any CPU.ActiveCfg = Debug|Any CPU
		{3282575B-AFBB-433C-B18B-F745F422117C}.Debug|Any CPU.Build.0 = Debug|Any CPU
		{3282575B-AFBB-433C-B18B-F745F422117C}.Release|Any CPU.ActiveCfg = Release|Any CPU
		{3282575B-AFBB-433C-B18B-F745F422117C}.Release|Any CPU.Build.0 = Release|Any CPU
		{9CB7B739-622C-4EA3-8E7C-719CC0D8D2CC}.Debug|Any CPU.ActiveCfg = Debug|Any CPU
		{9CB7B739-622C-4EA3-8E7C-719CC0D8D2CC}.Debug|Any CPU.Build.0 = Debug|Any CPU
		{9CB7B739-622C-4EA3-8E7C-719CC0D8D2CC}.Release|Any CPU.ActiveCfg = Release|Any CPU
		{9CB7B739-622C-4EA3-8E7C-719CC0D8D2CC}.Release|Any CPU.Build.0 = Release|Any CPU
		{DE839FDA-0377-43C7-91D5-986FAD19B635}.Debug|Any CPU.ActiveCfg = Debug|Any CPU
		{DE839FDA-0377-43C7-91D5-986FAD19B635}.Debug|Any CPU.Build.0 = Debug|Any CPU
		{DE839FDA-0377-43C7-91D5-986FAD19B635}.Release|Any CPU.ActiveCfg = Release|Any CPU
		{DE839FDA-0377-43C7-91D5-986FAD19B635}.Release|Any CPU.Build.0 = Release|Any CPU
		{75BE5986-7FBC-4C45-8D80-B613C17F2FF9}.Debug|Any CPU.ActiveCfg = Debug|Any CPU
		{75BE5986-7FBC-4C45-8D80-B613C17F2FF9}.Debug|Any CPU.Build.0 = Debug|Any CPU
		{75BE5986-7FBC-4C45-8D80-B613C17F2FF9}.Release|Any CPU.ActiveCfg = Release|Any CPU
		{75BE5986-7FBC-4C45-8D80-B613C17F2FF9}.Release|Any CPU.Build.0 = Release|Any CPU
		{EEF8B9EB-AE43-4388-BDE4-2761A993AA27}.Debug|Any CPU.ActiveCfg = Debug|Any CPU
		{EEF8B9EB-AE43-4388-BDE4-2761A993AA27}.Debug|Any CPU.Build.0 = Debug|Any CPU
		{EEF8B9EB-AE43-4388-BDE4-2761A993AA27}.Release|Any CPU.ActiveCfg = Release|Any CPU
		{EEF8B9EB-AE43-4388-BDE4-2761A993AA27}.Release|Any CPU.Build.0 = Release|Any CPU
		{8EF08B3B-69B7-42DF-8D4D-5410AB4C79E7}.Debug|Any CPU.ActiveCfg = Debug|Any CPU
		{8EF08B3B-69B7-42DF-8D4D-5410AB4C79E7}.Debug|Any CPU.Build.0 = Debug|Any CPU
		{8EF08B3B-69B7-42DF-8D4D-5410AB4C79E7}.Release|Any CPU.ActiveCfg = Release|Any CPU
		{8EF08B3B-69B7-42DF-8D4D-5410AB4C79E7}.Release|Any CPU.Build.0 = Release|Any CPU
	EndGlobalSection
EndGlobal
